
Microsoft Visual Studio Solution File, Format Version 11.00
# Visual Studio 2010
Project("{8BC9CEB8-8B4A-11D0-8D11-00A0C91BC942}") = "D3D8thk", "D3D8thk\D3D8thk.vcxproj", "{04268092-873B-45D7-8680-1B09014FE233}"
EndProject
Global
	GlobalSection(SolutionConfigurationPlatforms) = preSolution
		Debug|Win32 = Debug|Win32
		Release|Win32 = Release|Win32
	EndGlobalSection
	GlobalSection(ProjectConfigurationPlatforms) = postSolution
		{04268092-873B-45D7-8680-1B09014FE233}.Debug|Win32.ActiveCfg = Debug|Win32
		{04268092-873B-45D7-8680-1B09014FE233}.Debug|Win32.Build.0 = Debug|Win32
		{04268092-873B-45D7-8680-1B09014FE233}.Release|Win32.ActiveCfg = Release|Win32
		{04268092-873B-45D7-8680-1B09014FE233}.Release|Win32.Build.0 = Release|Win32
	EndGlobalSection
	GlobalSection(SolutionProperties) = preSolution
		HideSolutionNode = FALSE
	EndGlobalSection
EndGlobal
