
Microsoft Visual Studio Solution File, Format Version 12.00
# Visual Studio 2013
VisualStudioVersion = 12.0.21005.1
MinimumVisualStudioVersion = 10.0.40219.1
Project("{8BC9CEB8-8B4A-11D0-8D11-00A0C91BC942}") = "MFC_Data", "MFC_Data\MFC_Data.vcxproj", "{54E73005-C57E-4A88-8F71-9AEB3D180EB6}"
EndProject
Global
	GlobalSection(SolutionConfigurationPlatforms) = preSolution
		Debug|Win32 = Debug|Win32
		Release|Win32 = Release|Win32
	EndGlobalSection
	GlobalSection(ProjectConfigurationPlatforms) = postSolution
		{54E73005-C57E-4A88-8F71-9AEB3D180EB6}.Debug|Win32.ActiveCfg = Debug|Win32
		{54E73005-C57E-4A88-8F71-9AEB3D180EB6}.Debug|Win32.Build.0 = Debug|Win32
		{54E73005-C57E-4A88-8F71-9AEB3D180EB6}.Release|Win32.ActiveCfg = Release|Win32
		{54E73005-C57E-4A88-8F71-9AEB3D180EB6}.Release|Win32.Build.0 = Release|Win32
	EndGlobalSection
	GlobalSection(SolutionProperties) = preSolution
		HideSolutionNode = FALSE
	EndGlobalSection
EndGlobal
